
Microsoft Visual Studio Solution File, Format Version 12.00
# Visual Studio 15
Project("{FAE04EC0-301F-11D3-BF4B-00C04F79EFBC}") = "Assembly-CSharp-firstpass", "Assembly-CSharp-firstpass.csproj", "{8956C045-1255-9264-9794-F205AFBE9A25}"
EndProject
Project("{FAE04EC0-301F-11D3-BF4B-00C04F79EFBC}") = "Assembly-CSharp", "Assembly-CSharp.csproj", "{1B4ED250-EA1C-BDA3-0448-54F7EEDA7DDE}"
EndProject
Project("{FAE04EC0-301F-11D3-BF4B-00C04F79EFBC}") = "Assembly-CSharp-Editor", "Assembly-CSharp-Editor.csproj", "{A30B15B8-A171-E45F-9162-605E63F264BE}"
EndProject
Global
	GlobalSection(SolutionConfigurationPlatforms) = preSolution
		Debug|Any CPU = Debug|Any CPU
		Release|Any CPU = Release|Any CPU
	EndGlobalSection
	GlobalSection(ProjectConfigurationPlatforms) = postSolution
		{8956C045-1255-9264-9794-F205AFBE9A25}.Debug|Any CPU.ActiveCfg = Debug|Any CPU
		{8956C045-1255-9264-9794-F205AFBE9A25}.Debug|Any CPU.Build.0 = Debug|Any CPU
		{8956C045-1255-9264-9794-F205AFBE9A25}.Release|Any CPU.ActiveCfg = Release|Any CPU
		{8956C045-1255-9264-9794-F205AFBE9A25}.Release|Any CPU.Build.0 = Release|Any CPU
		{1B4ED250-EA1C-BDA3-0448-54F7EEDA7DDE}.Debug|Any CPU.ActiveCfg = Debug|Any CPU
		{1B4ED250-EA1C-BDA3-0448-54F7EEDA7DDE}.Debug|Any CPU.Build.0 = Debug|Any CPU
		{1B4ED250-EA1C-BDA3-0448-54F7EEDA7DDE}.Release|Any CPU.ActiveCfg = Release|Any CPU
		{1B4ED250-EA1C-BDA3-0448-54F7EEDA7DDE}.Release|Any CPU.Build.0 = Release|Any CPU
		{A30B15B8-A171-E45F-9162-605E63F264BE}.Debug|Any CPU.ActiveCfg = Debug|Any CPU
		{A30B15B8-A171-E45F-9162-605E63F264BE}.Debug|Any CPU.Build.0 = Debug|Any CPU
		{A30B15B8-A171-E45F-9162-605E63F264BE}.Release|Any CPU.ActiveCfg = Release|Any CPU
		{A30B15B8-A171-E45F-9162-605E63F264BE}.Release|Any CPU.Build.0 = Release|Any CPU
	EndGlobalSection
	GlobalSection(SolutionProperties) = preSolution
		HideSolutionNode = FALSE
	EndGlobalSection
EndGlobal
